
Microsoft Visual Studio Solution File, Format Version 12.00
# Visual Studio Version 16
VisualStudioVersion = 16.0.31402.337
MinimumVisualStudioVersion = 10.0.40219.1
Project("{9A19103F-16F7-4668-BE54-9A1E7A4F7556}") = "ApiCatalogoJogos", "ApiCatalogoJogos\ApiCatalogoJogos.csproj", "{CBBE101B-22CF-4F52-81B7-60B815E1A95E}"
EndProject
Global
	GlobalSection(SolutionConfigurationPlatforms) = preSolution
		Debug|Any CPU = Debug|Any CPU
		Release|Any CPU = Release|Any CPU
	EndGlobalSection
	GlobalSection(ProjectConfigurationPlatforms) = postSolution
		{CBBE101B-22CF-4F52-81B7-60B815E1A95E}.Debug|Any CPU.ActiveCfg = Debug|Any CPU
		{CBBE101B-22CF-4F52-81B7-60B815E1A95E}.Debug|Any CPU.Build.0 = Debug|Any CPU
		{CBBE101B-22CF-4F52-81B7-60B815E1A95E}.Release|Any CPU.ActiveCfg = Release|Any CPU
		{CBBE101B-22CF-4F52-81B7-60B815E1A95E}.Release|Any CPU.Build.0 = Release|Any CPU
	EndGlobalSection
	GlobalSection(SolutionProperties) = preSolution
		HideSolutionNode = FALSE
	EndGlobalSection
	GlobalSection(ExtensibilityGlobals) = postSolution
		SolutionGuid = {C179BA80-E885-4FA3-A760-C8101596CA61}
	EndGlobalSection
EndGlobal
